
Microsoft Visual Studio Solution File, Format Version 12.00
# Visual Studio Version 17
VisualStudioVersion = 17.1.32228.430
MinimumVisualStudioVersion = 10.0.40219.1
Project("{FAE04EC0-301F-11D3-BF4B-00C04F79EFBC}") = "BaseLib.Core.MySql", "BaseLib.Core.MySql\BaseLib.Core.MySql.csproj", "{4BB636AD-EE05-4C15-ABA4-9133198F1DE6}"
EndProject
Project("{FAE04EC0-301F-11D3-BF4B-00C04F79EFBC}") = "BaseLib.Core.AmazonCloud", "BaseLib.Core.AmazonCloud\BaseLib.Core.AmazonCloud.csproj", "{A08063F2-A6E0-4266-91F9-C2CE3C428362}"
EndProject
Project("{FAE04EC0-301F-11D3-BF4B-00C04F79EFBC}") = "BaseLib.Core", "BaseLib.Core\BaseLib.Core.csproj", "{8EFF793E-0D44-454C-A731-95E61BD9F6E2}"
EndProject
Project("{FAE04EC0-301F-11D3-BF4B-00C04F79EFBC}") = "BaseLib.Core.Tests", "BaseLib.Core.Tests\BaseLib.Core.Tests.csproj", "{4157DC5C-C90C-4A02-BC5B-807630CE6F04}"
EndProject
Project("{FAE04EC0-301F-11D3-BF4B-00C04F79EFBC}") = "BaseLib.Core.Containers", "BaseLib.Core.Containers\BaseLib.Core.Containers.csproj", "{2289B0BF-1397-474E-BA56-937E9FF8DE09}"
EndProject
Project("{FAE04EC0-301F-11D3-BF4B-00C04F79EFBC}") = "BaseLib.Core.RabbitMQ", "BaseLib.Core.RabbitMQ\BaseLib.Core.RabbitMQ.csproj", "{B1234567-0001-0001-0001-000000000001}"
EndProject
Project("{FAE04EC0-301F-11D3-BF4B-00C04F79EFBC}") = "BaseLib.Core.Nats", "BaseLib.Core.Nats\BaseLib.Core.Nats.csproj", "{B1234567-0002-0002-0002-000000000002}"
EndProject
Project("{FAE04EC0-301F-11D3-BF4B-00C04F79EFBC}") = "BaseLib.Core.Local", "BaseLib.Core.Local\BaseLib.Core.Local.csproj", "{B1234567-0003-0003-0003-000000000003}"
EndProject
Project("{FAE04EC0-301F-11D3-BF4B-00C04F79EFBC}") = "BaseLib.Core.Sqlite", "BaseLib.Core.Sqlite\BaseLib.Core.Sqlite.csproj", "{B1234567-0004-0004-0004-000000000004}"
EndProject
Global
	GlobalSection(SolutionConfigurationPlatforms) = preSolution
		Debug|Any CPU = Debug|Any CPU
		Debug|x64 = Debug|x64
		Debug|x86 = Debug|x86
		Release|Any CPU = Release|Any CPU
		Release|x64 = Release|x64
		Release|x86 = Release|x86
	EndGlobalSection
	GlobalSection(ProjectConfigurationPlatforms) = postSolution
		{4BB636AD-EE05-4C15-ABA4-9133198F1DE6}.Debug|Any CPU.ActiveCfg = Debug|Any CPU
		{4BB636AD-EE05-4C15-ABA4-9133198F1DE6}.Debug|Any CPU.Build.0 = Debug|Any CPU
		{4BB636AD-EE05-4C15-ABA4-9133198F1DE6}.Debug|x64.ActiveCfg = Debug|Any CPU
		{4BB636AD-EE05-4C15-ABA4-9133198F1DE6}.Debug|x64.Build.0 = Debug|Any CPU
		{4BB636AD-EE05-4C15-ABA4-9133198F1DE6}.Debug|x86.ActiveCfg = Debug|Any CPU
		{4BB636AD-EE05-4C15-ABA4-9133198F1DE6}.Debug|x86.Build.0 = Debug|Any CPU
		{4BB636AD-EE05-4C15-ABA4-9133198F1DE6}.Release|Any CPU.ActiveCfg = Release|Any CPU
		{4BB636AD-EE05-4C15-ABA4-9133198F1DE6}.Release|Any CPU.Build.0 = Release|Any CPU
		{4BB636AD-EE05-4C15-ABA4-9133198F1DE6}.Release|x64.ActiveCfg = Release|Any CPU
		{4BB636AD-EE05-4C15-ABA4-9133198F1DE6}.Release|x64.Build.0 = Release|Any CPU
		{4BB636AD-EE05-4C15-ABA4-9133198F1DE6}.Release|x86.ActiveCfg = Release|Any CPU
		{4BB636AD-EE05-4C15-ABA4-9133198F1DE6}.Release|x86.Build.0 = Release|Any CPU
		{A08063F2-A6E0-4266-91F9-C2CE3C428362}.Debug|Any CPU.ActiveCfg = Debug|Any CPU
		{A08063F2-A6E0-4266-91F9-C2CE3C428362}.Debug|Any CPU.Build.0 = Debug|Any CPU
		{A08063F2-A6E0-4266-91F9-C2CE3C428362}.Debug|x64.ActiveCfg = Debug|Any CPU
		{A08063F2-A6E0-4266-91F9-C2CE3C428362}.Debug|x64.Build.0 = Debug|Any CPU
		{A08063F2-A6E0-4266-91F9-C2CE3C428362}.Debug|x86.ActiveCfg = Debug|Any CPU
		{A08063F2-A6E0-4266-91F9-C2CE3C428362}.Debug|x86.Build.0 = Debug|Any CPU
		{A08063F2-A6E0-4266-91F9-C2CE3C428362}.Release|Any CPU.ActiveCfg = Release|Any CPU
		{A08063F2-A6E0-4266-91F9-C2CE3C428362}.Release|Any CPU.Build.0 = Release|Any CPU
		{A08063F2-A6E0-4266-91F9-C2CE3C428362}.Release|x64.ActiveCfg = Release|Any CPU
		{A08063F2-A6E0-4266-91F9-C2CE3C428362}.Release|x64.Build.0 = Release|Any CPU
		{A08063F2-A6E0-4266-91F9-C2CE3C428362}.Release|x86.ActiveCfg = Release|Any CPU
		{A08063F2-A6E0-4266-91F9-C2CE3C428362}.Release|x86.Build.0 = Release|Any CPU
		{8EFF793E-0D44-454C-A731-95E61BD9F6E2}.Debug|Any CPU.ActiveCfg = Debug|Any CPU
		{8EFF793E-0D44-454C-A731-95E61BD9F6E2}.Debug|Any CPU.Build.0 = Debug|Any CPU
		{8EFF793E-0D44-454C-A731-95E61BD9F6E2}.Debug|x64.ActiveCfg = Debug|Any CPU
		{8EFF793E-0D44-454C-A731-95E61BD9F6E2}.Debug|x64.Build.0 = Debug|Any CPU
		{8EFF793E-0D44-454C-A731-95E61BD9F6E2}.Debug|x86.ActiveCfg = Debug|Any CPU
		{8EFF793E-0D44-454C-A731-95E61BD9F6E2}.Debug|x86.Build.0 = Debug|Any CPU
		{8EFF793E-0D44-454C-A731-95E61BD9F6E2}.Release|Any CPU.ActiveCfg = Release|Any CPU
		{8EFF793E-0D44-454C-A731-95E61BD9F6E2}.Release|Any CPU.Build.0 = Release|Any CPU
		{8EFF793E-0D44-454C-A731-95E61BD9F6E2}.Release|x64.ActiveCfg = Release|Any CPU
		{8EFF793E-0D44-454C-A731-95E61BD9F6E2}.Release|x64.Build.0 = Release|Any CPU
		{8EFF793E-0D44-454C-A731-95E61BD9F6E2}.Release|x86.ActiveCfg = Release|Any CPU
		{8EFF793E-0D44-454C-A731-95E61BD9F6E2}.Release|x86.Build.0 = Release|Any CPU
		{4157DC5C-C90C-4A02-BC5B-807630CE6F04}.Debug|Any CPU.ActiveCfg = Debug|Any CPU
		{4157DC5C-C90C-4A02-BC5B-807630CE6F04}.Debug|Any CPU.Build.0 = Debug|Any CPU
		{4157DC5C-C90C-4A02-BC5B-807630CE6F04}.Debug|x64.ActiveCfg = Debug|Any CPU
		{4157DC5C-C90C-4A02-BC5B-807630CE6F04}.Debug|x64.Build.0 = Debug|Any CPU
		{4157DC5C-C90C-4A02-BC5B-807630CE6F04}.Debug|x86.ActiveCfg = Debug|Any CPU
		{4157DC5C-C90C-4A02-BC5B-807630CE6F04}.Debug|x86.Build.0 = Debug|Any CPU
		{4157DC5C-C90C-4A02-BC5B-807630CE6F04}.Release|Any CPU.ActiveCfg = Release|Any CPU
		{4157DC5C-C90C-4A02-BC5B-807630CE6F04}.Release|Any CPU.Build.0 = Release|Any CPU
		{4157DC5C-C90C-4A02-BC5B-807630CE6F04}.Release|x64.ActiveCfg = Release|Any CPU
		{4157DC5C-C90C-4A02-BC5B-807630CE6F04}.Release|x64.Build.0 = Release|Any CPU
		{4157DC5C-C90C-4A02-BC5B-807630CE6F04}.Release|x86.ActiveCfg = Release|Any CPU
		{4157DC5C-C90C-4A02-BC5B-807630CE6F04}.Release|x86.Build.0 = Release|Any CPU
		{2289B0BF-1397-474E-BA56-937E9FF8DE09}.Debug|Any CPU.ActiveCfg = Debug|Any CPU
		{2289B0BF-1397-474E-BA56-937E9FF8DE09}.Debug|Any CPU.Build.0 = Debug|Any CPU
		{2289B0BF-1397-474E-BA56-937E9FF8DE09}.Debug|x64.ActiveCfg = Debug|Any CPU
		{2289B0BF-1397-474E-BA56-937E9FF8DE09}.Debug|x64.Build.0 = Debug|Any CPU
		{2289B0BF-1397-474E-BA56-937E9FF8DE09}.Debug|x86.ActiveCfg = Debug|Any CPU
		{2289B0BF-1397-474E-BA56-937E9FF8DE09}.Debug|x86.Build.0 = Debug|Any CPU
		{2289B0BF-1397-474E-BA56-937E9FF8DE09}.Release|Any CPU.ActiveCfg = Release|Any CPU
		{2289B0BF-1397-474E-BA56-937E9FF8DE09}.Release|Any CPU.Build.0 = Release|Any CPU
		{2289B0BF-1397-474E-BA56-937E9FF8DE09}.Release|x64.ActiveCfg = Release|Any CPU
		{2289B0BF-1397-474E-BA56-937E9FF8DE09}.Release|x64.Build.0 = Release|Any CPU
		{2289B0BF-1397-474E-BA56-937E9FF8DE09}.Release|x86.ActiveCfg = Release|Any CPU
		{2289B0BF-1397-474E-BA56-937E9FF8DE09}.Release|x86.Build.0 = Release|Any CPU
		{B1234567-0001-0001-0001-000000000001}.Debug|Any CPU.ActiveCfg = Debug|Any CPU
		{B1234567-0001-0001-0001-000000000001}.Debug|Any CPU.Build.0 = Debug|Any CPU
		{B1234567-0001-0001-0001-000000000001}.Debug|x64.ActiveCfg = Debug|Any CPU
		{B1234567-0001-0001-0001-000000000001}.Debug|x64.Build.0 = Debug|Any CPU
		{B1234567-0001-0001-0001-000000000001}.Debug|x86.ActiveCfg = Debug|Any CPU
		{B1234567-0001-0001-0001-000000000001}.Debug|x86.Build.0 = Debug|Any CPU
		{B1234567-0001-0001-0001-000000000001}.Release|Any CPU.ActiveCfg = Release|Any CPU
		{B1234567-0001-0001-0001-000000000001}.Release|Any CPU.Build.0 = Release|Any CPU
		{B1234567-0001-0001-0001-000000000001}.Release|x64.ActiveCfg = Release|Any CPU
		{B1234567-0001-0001-0001-000000000001}.Release|x64.Build.0 = Release|Any CPU
		{B1234567-0001-0001-0001-000000000001}.Release|x86.ActiveCfg = Release|Any CPU
		{B1234567-0001-0001-0001-000000000001}.Release|x86.Build.0 = Release|Any CPU
		{B1234567-0002-0002-0002-000000000002}.Debug|Any CPU.ActiveCfg = Debug|Any CPU
		{B1234567-0002-0002-0002-000000000002}.Debug|Any CPU.Build.0 = Debug|Any CPU
		{B1234567-0002-0002-0002-000000000002}.Debug|x64.ActiveCfg = Debug|Any CPU
		{B1234567-0002-0002-0002-000000000002}.Debug|x64.Build.0 = Debug|Any CPU
		{B1234567-0002-0002-0002-000000000002}.Debug|x86.ActiveCfg = Debug|Any CPU
		{B1234567-0002-0002-0002-000000000002}.Debug|x86.Build.0 = Debug|Any CPU
		{B1234567-0002-0002-0002-000000000002}.Release|Any CPU.ActiveCfg = Release|Any CPU
		{B1234567-0002-0002-0002-000000000002}.Release|Any CPU.Build.0 = Release|Any CPU
		{B1234567-0002-0002-0002-000000000002}.Release|x64.ActiveCfg = Release|Any CPU
		{B1234567-0002-0002-0002-000000000002}.Release|x64.Build.0 = Release|Any CPU
		{B1234567-0002-0002-0002-000000000002}.Release|x86.ActiveCfg = Release|Any CPU
		{B1234567-0002-0002-0002-000000000002}.Release|x86.Build.0 = Release|Any CPU
		{B1234567-0003-0003-0003-000000000003}.Debug|Any CPU.ActiveCfg = Debug|Any CPU
		{B1234567-0003-0003-0003-000000000003}.Debug|Any CPU.Build.0 = Debug|Any CPU
		{B1234567-0003-0003-0003-000000000003}.Debug|x64.ActiveCfg = Debug|Any CPU
		{B1234567-0003-0003-0003-000000000003}.Debug|x64.Build.0 = Debug|Any CPU
		{B1234567-0003-0003-0003-000000000003}.Debug|x86.ActiveCfg = Debug|Any CPU
		{B1234567-0003-0003-0003-000000000003}.Debug|x86.Build.0 = Debug|Any CPU
		{B1234567-0003-0003-0003-000000000003}.Release|Any CPU.ActiveCfg = Release|Any CPU
		{B1234567-0003-0003-0003-000000000003}.Release|Any CPU.Build.0 = Release|Any CPU
		{B1234567-0003-0003-0003-000000000003}.Release|x64.ActiveCfg = Release|Any CPU
		{B1234567-0003-0003-0003-000000000003}.Release|x64.Build.0 = Release|Any CPU
		{B1234567-0003-0003-0003-000000000003}.Release|x86.ActiveCfg = Release|Any CPU
		{B1234567-0003-0003-0003-000000000003}.Release|x86.Build.0 = Release|Any CPU
		{B1234567-0004-0004-0004-000000000004}.Debug|Any CPU.ActiveCfg = Debug|Any CPU
		{B1234567-0004-0004-0004-000000000004}.Debug|Any CPU.Build.0 = Debug|Any CPU
		{B1234567-0004-0004-0004-000000000004}.Debug|x64.ActiveCfg = Debug|Any CPU
		{B1234567-0004-0004-0004-000000000004}.Debug|x64.Build.0 = Debug|Any CPU
		{B1234567-0004-0004-0004-000000000004}.Debug|x86.ActiveCfg = Debug|Any CPU
		{B1234567-0004-0004-0004-000000000004}.Debug|x86.Build.0 = Debug|Any CPU
		{B1234567-0004-0004-0004-000000000004}.Release|Any CPU.ActiveCfg = Release|Any CPU
		{B1234567-0004-0004-0004-000000000004}.Release|Any CPU.Build.0 = Release|Any CPU
		{B1234567-0004-0004-0004-000000000004}.Release|x64.ActiveCfg = Release|Any CPU
		{B1234567-0004-0004-0004-000000000004}.Release|x64.Build.0 = Release|Any CPU
		{B1234567-0004-0004-0004-000000000004}.Release|x86.ActiveCfg = Release|Any CPU
		{B1234567-0004-0004-0004-000000000004}.Release|x86.Build.0 = Release|Any CPU
	EndGlobalSection
	GlobalSection(SolutionProperties) = preSolution
		HideSolutionNode = FALSE
	EndGlobalSection
	GlobalSection(ExtensibilityGlobals) = postSolution
		SolutionGuid = {898EA7ED-7300-43F8-BA52-0283AAC74404}
	EndGlobalSection
EndGlobal
